// !$*UTF8*$!
{
	archiveVersion = 1;
	classes = {
	};
	objectVersion = 46;
	objects = {

/* Begin PBXBuildFile section */
		5CC0332719DD75AB00F0AD21 /* dark2.jpg in Resources */ = {isa = PBXBuildFile; fileRef = 5CC0332619DD75AB00F0AD21 /* dark2.jpg */; };
		5CC0332E19DD800D00F0AD21 /* ILTranslucentView.m in Sources */ = {isa = PBXBuildFile; fileRef = 5CC0332D19DD800D00F0AD21 /* ILTranslucentView.m */; };
		5CCF6C5219AE29AB001AFF15 /* Foundation.framework in Frameworks */ = {isa = PBXBuildFile; fileRef = 5CCF6C5119AE29AB001AFF15 /* Foundation.framework */; };
		5CCF6C5419AE29AB001AFF15 /* CoreGraphics.framework in Frameworks */ = {isa = PBXBuildFile; fileRef = 5CCF6C5319AE29AB001AFF15 /* CoreGraphics.framework */; };
		5CCF6C5619AE29AB001AFF15 /* UIKit.framework in Frameworks */ = {isa = PBXBuildFile; fileRef = 5CCF6C5519AE29AB001AFF15 /* UIKit.framework */; };
		5CCF6C5C19AE29AB001AFF15 /* InfoPlist.strings in Resources */ = {isa = PBXBuildFile; fileRef = 5CCF6C5A19AE29AB001AFF15 /* InfoPlist.strings */; };
		5CCF6C5E19AE29AB001AFF15 /* main.m in Sources */ = {isa = PBXBuildFile; fileRef = 5CCF6C5D19AE29AB001AFF15 /* main.m */; };
		5CCF6C6219AE29AB001AFF15 /* AppDelegate.m in Sources */ = {isa = PBXBuildFile; fileRef = 5CCF6C6119AE29AB001AFF15 /* AppDelegate.m */; };
		5CCF6C6519AE29AB001AFF15 /* Main.storyboard in Resources */ = {isa = PBXBuildFile; fileRef = 5CCF6C6319AE29AB001AFF15 /* Main.storyboard */; };
		5CCF6C6819AE29AB001AFF15 /* ViewController.m in Sources */ = {isa = PBXBuildFile; fileRef = 5CCF6C6719AE29AB001AFF15 /* ViewController.m */; };
		5CCF6C6A19AE29AB001AFF15 /* Images.xcassets in Resources */ = {isa = PBXBuildFile; fileRef = 5CCF6C6919AE29AB001AFF15 /* Images.xcassets */; };
		5CCF6C7119AE29AB001AFF15 /* XCTest.framework in Frameworks */ = {isa = PBXBuildFile; fileRef = 5CCF6C7019AE29AB001AFF15 /* XCTest.framework */; };
		5CCF6C7219AE29AB001AFF15 /* Foundation.framework in Frameworks */ = {isa = PBXBuildFile; fileRef = 5CCF6C5119AE29AB001AFF15 /* Foundation.framework */; };
		5CCF6C7319AE29AB001AFF15 /* UIKit.framework in Frameworks */ = {isa = PBXBuildFile; fileRef = 5CCF6C5519AE29AB001AFF15 /* UIKit.framework */; };
		5CCF6C7B19AE29AB001AFF15 /* InfoPlist.strings in Resources */ = {isa = PBXBuildFile; fileRef = 5CCF6C7919AE29AB001AFF15 /* InfoPlist.strings */; };
		5CCF6C7D19AE29AB001AFF15 /* CameraNotesTests.m in Sources */ = {isa = PBXBuildFile; fileRef = 5CCF6C7C19AE29AB001AFF15 /* CameraNotesTests.m */; };
		5CCF6C8A19AE30E6001AFF15 /* NotesViewController.m in Sources */ = {isa = PBXBuildFile; fileRef = 5CCF6C8919AE30E6001AFF15 /* NotesViewController.m */; };
		5CCF6C8D19AE3108001AFF15 /* CameraNotesViewController.m in Sources */ = {isa = PBXBuildFile; fileRef = 5CCF6C8C19AE3108001AFF15 /* CameraNotesViewController.m */; };
		5CCF6C9019AF070B001AFF15 /* NotesDetailViewController.m in Sources */ = {isa = PBXBuildFile; fileRef = 5CCF6C8F19AF070B001AFF15 /* NotesDetailViewController.m */; };
		5CCF6C9319AF0819001AFF15 /* AddNotesViewController.m in Sources */ = {isa = PBXBuildFile; fileRef = 5CCF6C9219AF0819001AFF15 /* AddNotesViewController.m */; };
		5CCF6C9B19AF0CF4001AFF15 /* Note.m in Sources */ = {isa = PBXBuildFile; fileRef = 5CCF6C9A19AF0CF4001AFF15 /* Note.m */; };
		5CCF6D7819B4B004001AFF15 /* AppConstants.m in Sources */ = {isa = PBXBuildFile; fileRef = 5CCF6D7719B4B004001AFF15 /* AppConstants.m */; };
/* End PBXBuildFile section */

/* Begin PBXContainerItemProxy section */
		5CCF6C7419AE29AB001AFF15 /* PBXContainerItemProxy */ = {
			isa = PBXContainerItemProxy;
			containerPortal = 5CCF6C4619AE29AB001AFF15 /* Project object */;
			proxyType = 1;
			remoteGlobalIDString = 5CCF6C4D19AE29AB001AFF15;
			remoteInfo = CameraNotes;
		};
/* End PBXContainerItemProxy section */

/* Begin PBXFileReference section */
		5CC0332619DD75AB00F0AD21 /* dark2.jpg */ = {isa = PBXFileReference; lastKnownFileType = image.jpeg; path = dark2.jpg; sourceTree = "<group>"; };
		5CC0332C19DD800D00F0AD21 /* ILTranslucentView.h */ = {isa = PBXFileReference; fileEncoding = 4; lastKnownFileType = sourcecode.c.h; path = ILTranslucentView.h; sourceTree = "<group>"; };
		5CC0332D19DD800D00F0AD21 /* ILTranslucentView.m */ = {isa = PBXFileReference; fileEncoding = 4; lastKnownFileType = sourcecode.c.objc; path = ILTranslucentView.m; sourceTree = "<group>"; };
		5CCF6C4E19AE29AB001AFF15 /* CameraNotes.app */ = {isa = PBXFileReference; explicitFileType = wrapper.application; includeInIndex = 0; path = CameraNotes.app; sourceTree = BUILT_PRODUCTS_DIR; };
		5CCF6C5119AE29AB001AFF15 /* Foundation.framework */ = {isa = PBXFileReference; lastKnownFileType = wrapper.framework; name = Foundation.framework; path = System/Library/Frameworks/Foundation.framework; sourceTree = SDKROOT; };
		5CCF6C5319AE29AB001AFF15 /* CoreGraphics.framework */ = {isa = PBXFileReference; lastKnownFileType = wrapper.framework; name = CoreGraphics.framework; path = System/Library/Frameworks/CoreGraphics.framework; sourceTree = SDKROOT; };
		5CCF6C5519AE29AB001AFF15 /* UIKit.framework */ = {isa = PBXFileReference; lastKnownFileType = wrapper.framework; name = UIKit.framework; path = System/Library/Frameworks/UIKit.framework; sourceTree = SDKROOT; };
		5CCF6C5919AE29AB001AFF15 /* CameraNotes-Info.plist */ = {isa = PBXFileReference; lastKnownFileType = text.plist.xml; path = "CameraNotes-Info.plist"; sourceTree = "<group>"; };
		5CCF6C5B19AE29AB001AFF15 /* en */ = {isa = PBXFileReference; lastKnownFileType = text.plist.strings; name = en; path = en.lproj/InfoPlist.strings; sourceTree = "<group>"; };
		5CCF6C5D19AE29AB001AFF15 /* main.m */ = {isa = PBXFileReference; lastKnownFileType = sourcecode.c.objc; path = main.m; sourceTree = "<group>"; };
		5CCF6C5F19AE29AB001AFF15 /* CameraNotes-Prefix.pch */ = {isa = PBXFileReference; lastKnownFileType = sourcecode.c.h; path = "CameraNotes-Prefix.pch"; sourceTree = "<group>"; };
		5CCF6C6019AE29AB001AFF15 /* AppDelegate.h */ = {isa = PBXFileReference; lastKnownFileType = sourcecode.c.h; path = AppDelegate.h; sourceTree = "<group>"; };
		5CCF6C6119AE29AB001AFF15 /* AppDelegate.m */ = {isa = PBXFileReference; lastKnownFileType = sourcecode.c.objc; path = AppDelegate.m; sourceTree = "<group>"; };
		5CCF6C6419AE29AB001AFF15 /* Base */ = {isa = PBXFileReference; lastKnownFileType = file.storyboard; name = Base; path = Base.lproj/Main.storyboard; sourceTree = "<group>"; };
		5CCF6C6619AE29AB001AFF15 /* ViewController.h */ = {isa = PBXFileReference; lastKnownFileType = sourcecode.c.h; path = ViewController.h; sourceTree = "<group>"; };
		5CCF6C6719AE29AB001AFF15 /* ViewController.m */ = {isa = PBXFileReference; lastKnownFileType = sourcecode.c.objc; path = ViewController.m; sourceTree = "<group>"; };
		5CCF6C6919AE29AB001AFF15 /* Images.xcassets */ = {isa = PBXFileReference; lastKnownFileType = folder.assetcatalog; path = Images.xcassets; sourceTree = "<group>"; };
		5CCF6C6F19AE29AB001AFF15 /* CameraNotesTests.xctest */ = {isa = PBXFileReference; explicitFileType = wrapper.cfbundle; includeInIndex = 0; path = CameraNotesTests.xctest; sourceTree = BUILT_PRODUCTS_DIR; };
		5CCF6C7019AE29AB001AFF15 /* XCTest.framework */ = {isa = PBXFileReference; lastKnownFileType = wrapper.framework; name = XCTest.framework; path = Library/Frameworks/XCTest.framework; sourceTree = DEVELOPER_DIR; };
		5CCF6C7819AE29AB001AFF15 /* CameraNotesTests-Info.plist */ = {isa = PBXFileReference; lastKnownFileType = text.plist.xml; path = "CameraNotesTests-Info.plist"; sourceTree = "<group>"; };
		5CCF6C7A19AE29AB001AFF15 /* en */ = {isa = PBXFileReference; lastKnownFileType = text.plist.strings; name = en; path = en.lproj/InfoPlist.strings; sourceTree = "<group>"; };
		5CCF6C7C19AE29AB001AFF15 /* CameraNotesTests.m */ = {isa = PBXFileReference; lastKnownFileType = sourcecode.c.objc; path = CameraNotesTests.m; sourceTree = "<group>"; };
		5CCF6C8819AE30E6001AFF15 /* NotesViewController.h */ = {isa = PBXFileReference; fileEncoding = 4; lastKnownFileType = sourcecode.c.h; name = NotesViewController.h; path = ../NotesViewController.h; sourceTree = "<group>"; };
		5CCF6C8919AE30E6001AFF15 /* NotesViewController.m */ = {isa = PBXFileReference; fileEncoding = 4; lastKnownFileType = sourcecode.c.objc; name = NotesViewController.m; path = ../NotesViewController.m; sourceTree = "<group>"; };
		5CCF6C8B19AE3108001AFF15 /* CameraNotesViewController.h */ = {isa = PBXFileReference; fileEncoding = 4; lastKnownFileType = sourcecode.c.h; path = CameraNotesViewController.h; sourceTree = "<group>"; };
		5CCF6C8C19AE3108001AFF15 /* CameraNotesViewController.m */ = {isa = PBXFileReference; fileEncoding = 4; lastKnownFileType = sourcecode.c.objc; path = CameraNotesViewController.m; sourceTree = "<group>"; };
		5CCF6C8E19AF070B001AFF15 /* NotesDetailViewController.h */ = {isa = PBXFileReference; fileEncoding = 4; lastKnownFileType = sourcecode.c.h; path = NotesDetailViewController.h; sourceTree = "<group>"; };
		5CCF6C8F19AF070B001AFF15 /* NotesDetailViewController.m */ = {isa = PBXFileReference; fileEncoding = 4; lastKnownFileType = sourcecode.c.objc; path = NotesDetailViewController.m; sourceTree = "<group>"; };
		5CCF6C9119AF0819001AFF15 /* AddNotesViewController.h */ = {isa = PBXFileReference; fileEncoding = 4; lastKnownFileType = sourcecode.c.h; path = AddNotesViewController.h; sourceTree = "<group>"; };
		5CCF6C9219AF0819001AFF15 /* AddNotesViewController.m */ = {isa = PBXFileReference; fileEncoding = 4; lastKnownFileType = sourcecode.c.objc; path = AddNotesViewController.m; sourceTree = "<group>"; };
		5CCF6C9919AF0CF4001AFF15 /* Note.h */ = {isa = PBXFileReference; fileEncoding = 4; lastKnownFileType = sourcecode.c.h; path = Note.h; sourceTree = "<group>"; };
		5CCF6C9A19AF0CF4001AFF15 /* Note.m */ = {isa = PBXFileReference; fileEncoding = 4; lastKnownFileType = sourcecode.c.objc; path = Note.m; sourceTree = "<group>"; };
		5CCF6D7619B4B004001AFF15 /* AppConstants.h */ = {isa = PBXFileReference; fileEncoding = 4; lastKnownFileType = sourcecode.c.h; path = AppConstants.h; sourceTree = "<group>"; };
		5CCF6D7719B4B004001AFF15 /* AppConstants.m */ = {isa = PBXFileReference; fileEncoding = 4; lastKnownFileType = sourcecode.c.objc; name = AppConstants.m; path = CameraNotes/AppConstants.m; sourceTree = "<group>"; };
		5CCF6D7C19B5A462001AFF15 /* UpdateDataDelegate.h */ = {isa = PBXFileReference; lastKnownFileType = sourcecode.c.h; path = UpdateDataDelegate.h; sourceTree = "<group>"; };
/* End PBXFileReference section */

/* Begin PBXFrameworksBuildPhase section */
		5CCF6C4B19AE29AB001AFF15 /* Frameworks */ = {
			isa = PBXFrameworksBuildPhase;
			buildActionMask = 2147483647;
			files = (
				5CCF6C5419AE29AB001AFF15 /* CoreGraphics.framework in Frameworks */,
				5CCF6C5619AE29AB001AFF15 /* UIKit.framework in Frameworks */,
				5CCF6C5219AE29AB001AFF15 /* Foundation.framework in Frameworks */,
			);
			runOnlyForDeploymentPostprocessing = 0;
		};
		5CCF6C6C19AE29AB001AFF15 /* Frameworks */ = {
			isa = PBXFrameworksBuildPhase;
			buildActionMask = 2147483647;
			files = (
				5CCF6C7119AE29AB001AFF15 /* XCTest.framework in Frameworks */,
				5CCF6C7319AE29AB001AFF15 /* UIKit.framework in Frameworks */,
				5CCF6C7219AE29AB001AFF15 /* Foundation.framework in Frameworks */,
			);
			runOnlyForDeploymentPostprocessing = 0;
		};
/* End PBXFrameworksBuildPhase section */

/* Begin PBXGroup section */
		5CCF6C4519AE29AB001AFF15 = {
			isa = PBXGroup;
			children = (
				5CCF6C5719AE29AB001AFF15 /* CameraNotes */,
				5CCF6C7619AE29AB001AFF15 /* CameraNotesTests */,
				5CCF6C5019AE29AB001AFF15 /* Frameworks */,
				5CCF6C4F19AE29AB001AFF15 /* Products */,
			);
			sourceTree = "<group>";
		};
		5CCF6C4F19AE29AB001AFF15 /* Products */ = {
			isa = PBXGroup;
			children = (
				5CCF6C4E19AE29AB001AFF15 /* CameraNotes.app */,
				5CCF6C6F19AE29AB001AFF15 /* CameraNotesTests.xctest */,
			);
			name = Products;
			sourceTree = "<group>";
		};
		5CCF6C5019AE29AB001AFF15 /* Frameworks */ = {
			isa = PBXGroup;
			children = (
				5CCF6D7719B4B004001AFF15 /* AppConstants.m */,
				5CCF6C5119AE29AB001AFF15 /* Foundation.framework */,
				5CCF6C5319AE29AB001AFF15 /* CoreGraphics.framework */,
				5CCF6C5519AE29AB001AFF15 /* UIKit.framework */,
				5CCF6C7019AE29AB001AFF15 /* XCTest.framework */,
			);
			name = Frameworks;
			sourceTree = "<group>";
		};
		5CCF6C5719AE29AB001AFF15 /* CameraNotes */ = {
			isa = PBXGroup;
			children = (
				5CCF6C9819AF0CC7001AFF15 /* View */,
				5CCF6C9719AF0C9A001AFF15 /* Controller */,
				5CCF6C9619AF0C8E001AFF15 /* Model */,
				5CCF6C6019AE29AB001AFF15 /* AppDelegate.h */,
				5CCF6C6119AE29AB001AFF15 /* AppDelegate.m */,
				5CCF6C6319AE29AB001AFF15 /* Main.storyboard */,
				5CC0332619DD75AB00F0AD21 /* dark2.jpg */,
				5CCF6C5819AE29AB001AFF15 /* Supporting Files */,
			);
			path = CameraNotes;
			sourceTree = "<group>";
		};
		5CCF6C5819AE29AB001AFF15 /* Supporting Files */ = {
			isa = PBXGroup;
			children = (
				5CCF6D7B19B5A42D001AFF15 /* Protocoles */,
				5CCF6C5919AE29AB001AFF15 /* CameraNotes-Info.plist */,
				5CCF6C5A19AE29AB001AFF15 /* InfoPlist.strings */,
				5CCF6C5D19AE29AB001AFF15 /* main.m */,
				5CCF6C5F19AE29AB001AFF15 /* CameraNotes-Prefix.pch */,
				5CCF6D7619B4B004001AFF15 /* AppConstants.h */,
			);
			name = "Supporting Files";
			sourceTree = "<group>";
		};
		5CCF6C7619AE29AB001AFF15 /* CameraNotesTests */ = {
			isa = PBXGroup;
			children = (
				5CCF6C7C19AE29AB001AFF15 /* CameraNotesTests.m */,
				5CCF6C7719AE29AB001AFF15 /* Supporting Files */,
			);
			path = CameraNotesTests;
			sourceTree = "<group>";
		};
		5CCF6C7719AE29AB001AFF15 /* Supporting Files */ = {
			isa = PBXGroup;
			children = (
				5CCF6C7819AE29AB001AFF15 /* CameraNotesTests-Info.plist */,
				5CCF6C7919AE29AB001AFF15 /* InfoPlist.strings */,
			);
			name = "Supporting Files";
			sourceTree = "<group>";
		};
		5CCF6C9619AF0C8E001AFF15 /* Model */ = {
			isa = PBXGroup;
			children = (
				5CCF6C9919AF0CF4001AFF15 /* Note.h */,
				5CCF6C9A19AF0CF4001AFF15 /* Note.m */,
			);
			name = Model;
			sourceTree = "<group>";
		};
		5CCF6C9719AF0C9A001AFF15 /* Controller */ = {
			isa = PBXGroup;
			children = (
				5CCF6C8819AE30E6001AFF15 /* NotesViewController.h */,
				5CCF6C8919AE30E6001AFF15 /* NotesViewController.m */,
				5CCF6C8B19AE3108001AFF15 /* CameraNotesViewController.h */,
				5CCF6C8C19AE3108001AFF15 /* CameraNotesViewController.m */,
				5CCF6C8E19AF070B001AFF15 /* NotesDetailViewController.h */,
				5CCF6C8F19AF070B001AFF15 /* NotesDetailViewController.m */,
				5CCF6C9119AF0819001AFF15 /* AddNotesViewController.h */,
				5CCF6C9219AF0819001AFF15 /* AddNotesViewController.m */,
				5CCF6C6619AE29AB001AFF15 /* ViewController.h */,
				5CCF6C6719AE29AB001AFF15 /* ViewController.m */,
				5CCF6C6919AE29AB001AFF15 /* Images.xcassets */,
			);
			name = Controller;
			sourceTree = "<group>";
		};
		5CCF6C9819AF0CC7001AFF15 /* View */ = {
			isa = PBXGroup;
			children = (
				5CC0332C19DD800D00F0AD21 /* ILTranslucentView.h */,
				5CC0332D19DD800D00F0AD21 /* ILTranslucentView.m */,
			);
			name = View;
			sourceTree = "<group>";
		};
		5CCF6D7B19B5A42D001AFF15 /* Protocoles */ = {
			isa = PBXGroup;
			children = (
				5CCF6D7C19B5A462001AFF15 /* UpdateDataDelegate.h */,
			);
			name = Protocoles;
			sourceTree = "<group>";
		};
/* End PBXGroup section */

/* Begin PBXNativeTarget section */
		5CCF6C4D19AE29AB001AFF15 /* CameraNotes */ = {
			isa = PBXNativeTarget;
			buildConfigurationList = 5CCF6C8019AE29AB001AFF15 /* Build configuration list for PBXNativeTarget "CameraNotes" */;
			buildPhases = (
				5CCF6C4A19AE29AB001AFF15 /* Sources */,
				5CCF6C4B19AE29AB001AFF15 /* Frameworks */,
				5CCF6C4C19AE29AB001AFF15 /* Resources */,
			);
			buildRules = (
			);
			dependencies = (
			);
			name = CameraNotes;
			productName = CameraNotes;
			productReference = 5CCF6C4E19AE29AB001AFF15 /* CameraNotes.app */;
			productType = "com.apple.product-type.application";
		};
		5CCF6C6E19AE29AB001AFF15 /* CameraNotesTests */ = {
			isa = PBXNativeTarget;
			buildConfigurationList = 5CCF6C8319AE29AB001AFF15 /* Build configuration list for PBXNativeTarget "CameraNotesTests" */;
			buildPhases = (
				5CCF6C6B19AE29AB001AFF15 /* Sources */,
				5CCF6C6C19AE29AB001AFF15 /* Frameworks */,
				5CCF6C6D19AE29AB001AFF15 /* Resources */,
			);
			buildRules = (
			);
			dependencies = (
				5CCF6C7519AE29AB001AFF15 /* PBXTargetDependency */,
			);
			name = CameraNotesTests;
			productName = CameraNotesTests;
			productReference = 5CCF6C6F19AE29AB001AFF15 /* CameraNotesTests.xctest */;
			productType = "com.apple.product-type.bundle.unit-test";
		};
/* End PBXNativeTarget section */

/* Begin PBXProject section */
		5CCF6C4619AE29AB001AFF15 /* Project object */ = {
			isa = PBXProject;
			attributes = {
				LastUpgradeCheck = 0510;
				ORGANIZATIONNAME = "Ogma Inc.";
				TargetAttributes = {
					5CCF6C6E19AE29AB001AFF15 = {
						TestTargetID = 5CCF6C4D19AE29AB001AFF15;
					};
				};
			};
			buildConfigurationList = 5CCF6C4919AE29AB001AFF15 /* Build configuration list for PBXProject "CameraNotes" */;
			compatibilityVersion = "Xcode 3.2";
			developmentRegion = English;
			hasScannedForEncodings = 0;
			knownRegions = (
				en,
				Base,
			);
			mainGroup = 5CCF6C4519AE29AB001AFF15;
			productRefGroup = 5CCF6C4F19AE29AB001AFF15 /* Products */;
			projectDirPath = "";
			projectRoot = "";
			targets = (
				5CCF6C4D19AE29AB001AFF15 /* CameraNotes */,
				5CCF6C6E19AE29AB001AFF15 /* CameraNotesTests */,
			);
		};
/* End PBXProject section */

/* Begin PBXResourcesBuildPhase section */
		5CCF6C4C19AE29AB001AFF15 /* Resources */ = {
			isa = PBXResourcesBuildPhase;
			buildActionMask = 2147483647;
			files = (
				5CC0332719DD75AB00F0AD21 /* dark2.jpg in Resources */,
				5CCF6C6A19AE29AB001AFF15 /* Images.xcassets in Resources */,
				5CCF6C5C19AE29AB001AFF15 /* InfoPlist.strings in Resources */,
				5CCF6C6519AE29AB001AFF15 /* Main.storyboard in Resources */,
			);
			runOnlyForDeploymentPostprocessing = 0;
		};
		5CCF6C6D19AE29AB001AFF15 /* Resources */ = {
			isa = PBXResourcesBuildPhase;
			buildActionMask = 2147483647;
			files = (
				5CCF6C7B19AE29AB001AFF15 /* InfoPlist.strings in Resources */,
			);
			runOnlyForDeploymentPostprocessing = 0;
		};
/* End PBXResourcesBuildPhase section */

/* Begin PBXSourcesBuildPhase section */
		5CCF6C4A19AE29AB001AFF15 /* Sources */ = {
			isa = PBXSourcesBuildPhase;
			buildActionMask = 2147483647;
			files = (
				5CCF6C8D19AE3108001AFF15 /* CameraNotesViewController.m in Sources */,
				5CCF6C8A19AE30E6001AFF15 /* NotesViewController.m in Sources */,
				5CCF6C9319AF0819001AFF15 /* AddNotesViewController.m in Sources */,
				5CCF6C9B19AF0CF4001AFF15 /* Note.m in Sources */,
				5CCF6C6819AE29AB001AFF15 /* ViewController.m in Sources */,
				5CCF6C6219AE29AB001AFF15 /* AppDelegate.m in Sources */,
				5CCF6D7819B4B004001AFF15 /* AppConstants.m in Sources */,
				5CC0332E19DD800D00F0AD21 /* ILTranslucentView.m in Sources */,
				5CCF6C5E19AE29AB001AFF15 /* main.m in Sources */,
				5CCF6C9019AF070B001AFF15 /* NotesDetailViewController.m in Sources */,
			);
			runOnlyForDeploymentPostprocessing = 0;
		};
		5CCF6C6B19AE29AB001AFF15 /* Sources */ = {
			isa = PBXSourcesBuildPhase;
			buildActionMask = 2147483647;
			files = (
				5CCF6C7D19AE29AB001AFF15 /* CameraNotesTests.m in Sources */,
			);
			runOnlyForDeploymentPostprocessing = 0;
		};
/* End PBXSourcesBuildPhase section */

/* Begin PBXTargetDependency section */
		5CCF6C7519AE29AB001AFF15 /* PBXTargetDependency */ = {
			isa = PBXTargetDependency;
			target = 5CCF6C4D19AE29AB001AFF15 /* CameraNotes */;
			targetProxy = 5CCF6C7419AE29AB001AFF15 /* PBXContainerItemProxy */;
		};
/* End PBXTargetDependency section */

/* Begin PBXVariantGroup section */
		5CCF6C5A19AE29AB001AFF15 /* InfoPlist.strings */ = {
			isa = PBXVariantGroup;
			children = (
				5CCF6C5B19AE29AB001AFF15 /* en */,
			);
			name = InfoPlist.strings;
			sourceTree = "<group>";
		};
		5CCF6C6319AE29AB001AFF15 /* Main.storyboard */ = {
			isa = PBXVariantGroup;
			children = (
				5CCF6C6419AE29AB001AFF15 /* Base */,
			);
			name = Main.storyboard;
			sourceTree = "<group>";
		};
		5CCF6C7919AE29AB001AFF15 /* InfoPlist.strings */ = {
			isa = PBXVariantGroup;
			children = (
				5CCF6C7A19AE29AB001AFF15 /* en */,
			);
			name = InfoPlist.strings;
			sourceTree = "<group>";
		};
/* End PBXVariantGroup section */

/* Begin XCBuildConfiguration section */
		5CCF6C7E19AE29AB001AFF15 /* Debug */ = {
			isa = XCBuildConfiguration;
			buildSettings = {
				ALWAYS_SEARCH_USER_PATHS = NO;
				CLANG_CXX_LANGUAGE_STANDARD = "gnu++0x";
				CLANG_CXX_LIBRARY = "libc++";
				CLANG_ENABLE_MODULES = YES;
				CLANG_ENABLE_OBJC_ARC = YES;
				CLANG_WARN_BOOL_CONVERSION = YES;
				CLANG_WARN_CONSTANT_CONVERSION = YES;
				CLANG_WARN_DIRECT_OBJC_ISA_USAGE = YES_ERROR;
				CLANG_WARN_EMPTY_BODY = YES;
				CLANG_WARN_ENUM_CONVERSION = YES;
				CLANG_WARN_INT_CONVERSION = YES;
				CLANG_WARN_OBJC_ROOT_CLASS = YES_ERROR;
				CLANG_WARN__DUPLICATE_METHOD_MATCH = YES;
				"CODE_SIGN_IDENTITY[sdk=iphoneos*]" = "iPhone Developer";
				COPY_PHASE_STRIP = NO;
				GCC_C_LANGUAGE_STANDARD = gnu99;
				GCC_DYNAMIC_NO_PIC = NO;
				GCC_OPTIMIZATION_LEVEL = 0;
				GCC_PREPROCESSOR_DEFINITIONS = (
					"DEBUG=1",
					"$(inherited)",
				);
				GCC_SYMBOLS_PRIVATE_EXTERN = NO;
				GCC_WARN_64_TO_32_BIT_CONVERSION = YES;
				GCC_WARN_ABOUT_RETURN_TYPE = YES_ERROR;
				GCC_WARN_UNDECLARED_SELECTOR = YES;
				GCC_WARN_UNINITIALIZED_AUTOS = YES_AGGRESSIVE;
				GCC_WARN_UNUSED_FUNCTION = YES;
				GCC_WARN_UNUSED_VARIABLE = YES;
				IPHONEOS_DEPLOYMENT_TARGET = 7.1;
				ONLY_ACTIVE_ARCH = YES;
				SDKROOT = iphoneos;
			};
			name = Debug;
		};
		5CCF6C7F19AE29AB001AFF15 /* Release */ = {
			isa = XCBuildConfiguration;
			buildSettings = {
				ALWAYS_SEARCH_USER_PATHS = NO;
				CLANG_CXX_LANGUAGE_STANDARD = "gnu++0x";
				CLANG_CXX_LIBRARY = "libc++";
				CLANG_ENABLE_MODULES = YES;
				CLANG_ENABLE_OBJC_ARC = YES;
				CLANG_WARN_BOOL_CONVERSION = YES;
				CLANG_WARN_CONSTANT_CONVERSION = YES;
				CLANG_WARN_DIRECT_OBJC_ISA_USAGE = YES_ERROR;
				CLANG_WARN_EMPTY_BODY = YES;
				CLANG_WARN_ENUM_CONVERSION = YES;
				CLANG_WARN_INT_CONVERSION = YES;
				CLANG_WARN_OBJC_ROOT_CLASS = YES_ERROR;
				CLANG_WARN__DUPLICATE_METHOD_MATCH = YES;
				"CODE_SIGN_IDENTITY[sdk=iphoneos*]" = "iPhone Developer";
				COPY_PHASE_STRIP = YES;
				ENABLE_NS_ASSERTIONS = NO;
				GCC_C_LANGUAGE_STANDARD = gnu99;
				GCC_WARN_64_TO_32_BIT_CONVERSION = YES;
				GCC_WARN_ABOUT_RETURN_TYPE = YES_ERROR;
				GCC_WARN_UNDECLARED_SELECTOR = YES;
				GCC_WARN_UNINITIALIZED_AUTOS = YES_AGGRESSIVE;
				GCC_WARN_UNUSED_FUNCTION = YES;
				GCC_WARN_UNUSED_VARIABLE = YES;
				IPHONEOS_DEPLOYMENT_TARGET = 7.1;
				SDKROOT = iphoneos;
				VALIDATE_PRODUCT = YES;
			};
			name = Release;
		};
		5CCF6C8119AE29AB001AFF15 /* Debug */ = {
			isa = XCBuildConfiguration;
			buildSettings = {
				ASSETCATALOG_COMPILER_APPICON_NAME = AppIcon;
				ASSETCATALOG_COMPILER_LAUNCHIMAGE_NAME = LaunchImage;
				GCC_PRECOMPILE_PREFIX_HEADER = YES;
				GCC_PREFIX_HEADER = "CameraNotes/CameraNotes-Prefix.pch";
				INFOPLIST_FILE = "CameraNotes/CameraNotes-Info.plist";
				PRODUCT_NAME = "$(TARGET_NAME)";
				WRAPPER_EXTENSION = app;
			};
			name = Debug;
		};
		5CCF6C8219AE29AB001AFF15 /* Release */ = {
			isa = XCBuildConfiguration;
			buildSettings = {
				ASSETCATALOG_COMPILER_APPICON_NAME = AppIcon;
				ASSETCATALOG_COMPILER_LAUNCHIMAGE_NAME = LaunchImage;
				GCC_PRECOMPILE_PREFIX_HEADER = YES;
				GCC_PREFIX_HEADER = "CameraNotes/CameraNotes-Prefix.pch";
				INFOPLIST_FILE = "CameraNotes/CameraNotes-Info.plist";
				PRODUCT_NAME = "$(TARGET_NAME)";
				WRAPPER_EXTENSION = app;
			};
			name = Release;
		};
		5CCF6C8419AE29AB001AFF15 /* Debug */ = {
			isa = XCBuildConfiguration;
			buildSettings = {
				BUNDLE_LOADER = "$(BUILT_PRODUCTS_DIR)/CameraNotes.app/CameraNotes";
				FRAMEWORK_SEARCH_PATHS = (
					"$(SDKROOT)/Developer/Library/Frameworks",
					"$(inherited)",
					"$(DEVELOPER_FRAMEWORKS_DIR)",
				);
				GCC_PRECOMPILE_PREFIX_HEADER = YES;
				GCC_PREFIX_HEADER = "CameraNotes/CameraNotes-Prefix.pch";
				GCC_PREPROCESSOR_DEFINITIONS = (
					"DEBUG=1",
					"$(inherited)",
				);
				INFOPLIST_FILE = "CameraNotesTests/CameraNotesTests-Info.plist";
				PRODUCT_NAME = "$(TARGET_NAME)";
				TEST_HOST = "$(BUNDLE_LOADER)";
				WRAPPER_EXTENSION = xctest;
			};
			name = Debug;
		};
		5CCF6C8519AE29AB001AFF15 /* Release */ = {
			isa = XCBuildConfiguration;
			buildSettings = {
				BUNDLE_LOADER = "$(BUILT_PRODUCTS_DIR)/CameraNotes.app/CameraNotes";
				FRAMEWORK_SEARCH_PATHS = (
					"$(SDKROOT)/Developer/Library/Frameworks",
					"$(inherited)",
					"$(DEVELOPER_FRAMEWORKS_DIR)",
				);
				GCC_PRECOMPILE_PREFIX_HEADER = YES;
				GCC_PREFIX_HEADER = "CameraNotes/CameraNotes-Prefix.pch";
				INFOPLIST_FILE = "CameraNotesTests/CameraNotesTests-Info.plist";
				PRODUCT_NAME = "$(TARGET_NAME)";
				TEST_HOST = "$(BUNDLE_LOADER)";
				WRAPPER_EXTENSION = xctest;
			};
			name = Release;
		};
/* End XCBuildConfiguration section */

/* Begin XCConfigurationList section */
		5CCF6C4919AE29AB001AFF15 /* Build configuration list for PBXProject "CameraNotes" */ = {
			isa = XCConfigurationList;
			buildConfigurations = (
				5CCF6C7E19AE29AB001AFF15 /* Debug */,
				5CCF6C7F19AE29AB001AFF15 /* Release */,
			);
			defaultConfigurationIsVisible = 0;
			defaultConfigurationName = Release;
		};
		5CCF6C8019AE29AB001AFF15 /* Build configuration list for PBXNativeTarget "CameraNotes" */ = {
			isa = XCConfigurationList;
			buildConfigurations = (
				5CCF6C8119AE29AB001AFF15 /* Debug */,
				5CCF6C8219AE29AB001AFF15 /* Release */,
			);
			defaultConfigurationIsVisible = 0;
			defaultConfigurationName = Release;
		};
		5CCF6C8319AE29AB001AFF15 /* Build configuration list for PBXNativeTarget "CameraNotesTests" */ = {
			isa = XCConfigurationList;
			buildConfigurations = (
				5CCF6C8419AE29AB001AFF15 /* Debug */,
				5CCF6C8519AE29AB001AFF15 /* Release */,
			);
			defaultConfigurationIsVisible = 0;
			defaultConfigurationName = Release;
		};
/* End XCConfigurationList section */
	};
	rootObject = 5CCF6C4619AE29AB001AFF15 /* Project object */;
}
